
Microsoft Visual Studio Solution File, Format Version 12.00
# Visual Studio Version 16
VisualStudioVersion = 16.0.31129.286
MinimumVisualStudioVersion = 10.0.40219.1
Project("{FAE04EC0-301F-11D3-BF4B-00C04F79EFBC}") = "massiv 10", "massiv 10\massiv 10.csproj", "{A546E91D-DEA5-48D7-A8EB-617AD473D738}"
EndProject
Global
	GlobalSection(SolutionConfigurationPlatforms) = preSolution
		Debug|Any CPU = Debug|Any CPU
		Release|Any CPU = Release|Any CPU
	EndGlobalSection
	GlobalSection(ProjectConfigurationPlatforms) = postSolution
		{A546E91D-DEA5-48D7-A8EB-617AD473D738}.Debug|Any CPU.ActiveCfg = Debug|Any CPU
		{A546E91D-DEA5-48D7-A8EB-617AD473D738}.Debug|Any CPU.Build.0 = Debug|Any CPU
		{A546E91D-DEA5-48D7-A8EB-617AD473D738}.Release|Any CPU.ActiveCfg = Release|Any CPU
		{A546E91D-DEA5-48D7-A8EB-617AD473D738}.Release|Any CPU.Build.0 = Release|Any CPU
	EndGlobalSection
	GlobalSection(SolutionProperties) = preSolution
		HideSolutionNode = FALSE
	EndGlobalSection
	GlobalSection(ExtensibilityGlobals) = postSolution
		SolutionGuid = {E65ECDD4-D2DF-4038-8BA4-5F3E3951A509}
	EndGlobalSection
EndGlobal
