
Microsoft Visual Studio Solution File, Format Version 12.00
# Visual Studio Version 16
VisualStudioVersion = 16.0.31129.286
MinimumVisualStudioVersion = 10.0.40219.1
Project("{FAE04EC0-301F-11D3-BF4B-00C04F79EFBC}") = "massiv 2", "massiv 2\massiv 2.csproj", "{305CC7EB-F113-404D-9B49-BF306DF8873D}"
EndProject
Global
	GlobalSection(SolutionConfigurationPlatforms) = preSolution
		Debug|Any CPU = Debug|Any CPU
		Release|Any CPU = Release|Any CPU
	EndGlobalSection
	GlobalSection(ProjectConfigurationPlatforms) = postSolution
		{305CC7EB-F113-404D-9B49-BF306DF8873D}.Debug|Any CPU.ActiveCfg = Debug|Any CPU
		{305CC7EB-F113-404D-9B49-BF306DF8873D}.Debug|Any CPU.Build.0 = Debug|Any CPU
		{305CC7EB-F113-404D-9B49-BF306DF8873D}.Release|Any CPU.ActiveCfg = Release|Any CPU
		{305CC7EB-F113-404D-9B49-BF306DF8873D}.Release|Any CPU.Build.0 = Release|Any CPU
	EndGlobalSection
	GlobalSection(SolutionProperties) = preSolution
		HideSolutionNode = FALSE
	EndGlobalSection
	GlobalSection(ExtensibilityGlobals) = postSolution
		SolutionGuid = {E6BF9404-5DE4-4762-BAB0-C1999025385A}
	EndGlobalSection
EndGlobal
